// !$*UTF8*$!
{
	archiveVersion = 1;
	classes = {
	};
	objectVersion = 47;
	objects = {

/* Begin PBXBuildFile section */
		E7A81B101D14A6600080EFA2 /* main.swift in Sources */ = {isa = PBXBuildFile; fileRef = E7A81B0F1D14A6600080EFA2 /* main.swift */; };
		E7D08A8A1D14A3010020B101 /* cryptopals_swift3_test.swift in Sources */ = {isa = PBXBuildFile; fileRef = E7D08A891D14A3010020B101 /* cryptopals_swift3_test.swift */; };
		E7D08A901D14A5F40020B101 /* foo.swift in Sources */ = {isa = PBXBuildFile; fileRef = E7D08A8F1D14A5F40020B101 /* foo.swift */; };
		E7D08A911D14A5F40020B101 /* foo.swift in Sources */ = {isa = PBXBuildFile; fileRef = E7D08A8F1D14A5F40020B101 /* foo.swift */; };
/* End PBXBuildFile section */

/* Begin PBXCopyFilesBuildPhase section */
		E7B702321D148166003C9A76 /* CopyFiles */ = {
			isa = PBXCopyFilesBuildPhase;
			buildActionMask = 2147483647;
			dstPath = /usr/share/man/man1/;
			dstSubfolderSpec = 0;
			files = (
			);
			runOnlyForDeploymentPostprocessing = 1;
		};
/* End PBXCopyFilesBuildPhase section */

/* Begin PBXFileReference section */
		E7A81B0F1D14A6600080EFA2 /* main.swift */ = {isa = PBXFileReference; fileEncoding = 4; lastKnownFileType = sourcecode.swift; path = main.swift; sourceTree = "<group>"; };
		E7A81B121D14A7C60080EFA2 /* Package.swift */ = {isa = PBXFileReference; fileEncoding = 4; lastKnownFileType = sourcecode.swift; path = Package.swift; sourceTree = "<group>"; };
		E7B702341D148166003C9A76 /* cryptopals-swift3 */ = {isa = PBXFileReference; explicitFileType = "compiled.mach-o.executable"; includeInIndex = 0; path = "cryptopals-swift3"; sourceTree = BUILT_PRODUCTS_DIR; };
		E7D08A871D14A3000020B101 /* cryptopals-swift3-test.xctest */ = {isa = PBXFileReference; explicitFileType = wrapper.cfbundle; includeInIndex = 0; path = "cryptopals-swift3-test.xctest"; sourceTree = BUILT_PRODUCTS_DIR; };
		E7D08A891D14A3010020B101 /* cryptopals_swift3_test.swift */ = {isa = PBXFileReference; lastKnownFileType = sourcecode.swift; path = cryptopals_swift3_test.swift; sourceTree = "<group>"; };
		E7D08A8B1D14A3010020B101 /* Info.plist */ = {isa = PBXFileReference; lastKnownFileType = text.plist.xml; path = Info.plist; sourceTree = "<group>"; };
		E7D08A8F1D14A5F40020B101 /* foo.swift */ = {isa = PBXFileReference; fileEncoding = 4; lastKnownFileType = sourcecode.swift; path = foo.swift; sourceTree = "<group>"; };
/* End PBXFileReference section */

/* Begin PBXFrameworksBuildPhase section */
		E7B702311D148166003C9A76 /* Frameworks */ = {
			isa = PBXFrameworksBuildPhase;
			buildActionMask = 2147483647;
			files = (
			);
			runOnlyForDeploymentPostprocessing = 0;
		};
		E7D08A841D14A3000020B101 /* Frameworks */ = {
			isa = PBXFrameworksBuildPhase;
			buildActionMask = 2147483647;
			files = (
			);
			runOnlyForDeploymentPostprocessing = 0;
		};
/* End PBXFrameworksBuildPhase section */

/* Begin PBXGroup section */
		E7A81B111D14A6800080EFA2 /* Sources */ = {
			isa = PBXGroup;
			children = (
				E7A81B0F1D14A6600080EFA2 /* main.swift */,
				E7D08A8F1D14A5F40020B101 /* foo.swift */,
			);
			path = Sources;
			sourceTree = "<group>";
		};
		E7B7022B1D148166003C9A76 = {
			isa = PBXGroup;
			children = (
				E7B702361D148166003C9A76 /* cryptopals-swift3 */,
				E7D08A881D14A3000020B101 /* cryptopals-swift3-test */,
				E7B702351D148166003C9A76 /* Products */,
			);
			sourceTree = "<group>";
		};
		E7B702351D148166003C9A76 /* Products */ = {
			isa = PBXGroup;
			children = (
				E7B702341D148166003C9A76 /* cryptopals-swift3 */,
				E7D08A871D14A3000020B101 /* cryptopals-swift3-test.xctest */,
			);
			name = Products;
			sourceTree = "<group>";
		};
		E7B702361D148166003C9A76 /* cryptopals-swift3 */ = {
			isa = PBXGroup;
			children = (
				E7A81B111D14A6800080EFA2 /* Sources */,
				E7A81B121D14A7C60080EFA2 /* Package.swift */,
			);
			path = "cryptopals-swift3";
			sourceTree = "<group>";
		};
		E7D08A881D14A3000020B101 /* cryptopals-swift3-test */ = {
			isa = PBXGroup;
			children = (
				E7D08A891D14A3010020B101 /* cryptopals_swift3_test.swift */,
				E7D08A8B1D14A3010020B101 /* Info.plist */,
			);
			path = "cryptopals-swift3-test";
			sourceTree = "<group>";
		};
/* End PBXGroup section */

/* Begin PBXNativeTarget section */
		E7B702331D148166003C9A76 /* cryptopals-swift3 */ = {
			isa = PBXNativeTarget;
			buildConfigurationList = E7B7023B1D148166003C9A76 /* Build configuration list for PBXNativeTarget "cryptopals-swift3" */;
			buildPhases = (
				E7B702301D148166003C9A76 /* Sources */,
				E7B702311D148166003C9A76 /* Frameworks */,
				E7B702321D148166003C9A76 /* CopyFiles */,
			);
			buildRules = (
			);
			dependencies = (
			);
			name = "cryptopals-swift3";
			productName = "cryptopals-swift3";
			productReference = E7B702341D148166003C9A76 /* cryptopals-swift3 */;
			productType = "com.apple.product-type.tool";
		};
		E7D08A861D14A3000020B101 /* cryptopals-swift3-test */ = {
			isa = PBXNativeTarget;
			buildConfigurationList = E7D08A8C1D14A3010020B101 /* Build configuration list for PBXNativeTarget "cryptopals-swift3-test" */;
			buildPhases = (
				E7D08A831D14A3000020B101 /* Sources */,
				E7D08A841D14A3000020B101 /* Frameworks */,
				E7D08A851D14A3000020B101 /* Resources */,
			);
			buildRules = (
			);
			dependencies = (
			);
			name = "cryptopals-swift3-test";
			productName = "cryptopals-swift3-test";
			productReference = E7D08A871D14A3000020B101 /* cryptopals-swift3-test.xctest */;
			productType = "com.apple.product-type.bundle.unit-test";
		};
/* End PBXNativeTarget section */

/* Begin PBXProject section */
		E7B7022C1D148166003C9A76 /* Project object */ = {
			isa = PBXProject;
			attributes = {
				LastSwiftUpdateCheck = 0800;
				LastUpgradeCheck = 0800;
				ORGANIZATIONNAME = "Glenn 'devalias' Grant";
				TargetAttributes = {
					E7B702331D148166003C9A76 = {
						CreatedOnToolsVersion = 8.0;
						DevelopmentTeam = 8XP37RFSK9;
						DevelopmentTeamName = "Glenn Grant (Personal Team)";
						ProvisioningStyle = Automatic;
					};
					E7D08A861D14A3000020B101 = {
						CreatedOnToolsVersion = 8.0;
						DevelopmentTeam = 8XP37RFSK9;
						DevelopmentTeamName = "Glenn Grant (Personal Team)";
						ProvisioningStyle = Automatic;
					};
				};
			};
			buildConfigurationList = E7B7022F1D148166003C9A76 /* Build configuration list for PBXProject "cryptopals-swift3" */;
			compatibilityVersion = "Xcode 6.3";
			developmentRegion = English;
			hasScannedForEncodings = 0;
			knownRegions = (
				en,
			);
			mainGroup = E7B7022B1D148166003C9A76;
			productRefGroup = E7B702351D148166003C9A76 /* Products */;
			projectDirPath = "";
			projectRoot = "";
			targets = (
				E7B702331D148166003C9A76 /* cryptopals-swift3 */,
				E7D08A861D14A3000020B101 /* cryptopals-swift3-test */,
			);
		};
/* End PBXProject section */

/* Begin PBXResourcesBuildPhase section */
		E7D08A851D14A3000020B101 /* Resources */ = {
			isa = PBXResourcesBuildPhase;
			buildActionMask = 2147483647;
			files = (
			);
			runOnlyForDeploymentPostprocessing = 0;
		};
/* End PBXResourcesBuildPhase section */

/* Begin PBXSourcesBuildPhase section */
		E7B702301D148166003C9A76 /* Sources */ = {
			isa = PBXSourcesBuildPhase;
			buildActionMask = 2147483647;
			files = (
				E7A81B101D14A6600080EFA2 /* main.swift in Sources */,
				E7D08A901D14A5F40020B101 /* foo.swift in Sources */,
			);
			runOnlyForDeploymentPostprocessing = 0;
		};
		E7D08A831D14A3000020B101 /* Sources */ = {
			isa = PBXSourcesBuildPhase;
			buildActionMask = 2147483647;
			files = (
				E7D08A911D14A5F40020B101 /* foo.swift in Sources */,
				E7D08A8A1D14A3010020B101 /* cryptopals_swift3_test.swift in Sources */,
			);
			runOnlyForDeploymentPostprocessing = 0;
		};
/* End PBXSourcesBuildPhase section */

/* Begin XCBuildConfiguration section */
		E7B702391D148166003C9A76 /* Debug */ = {
			isa = XCBuildConfiguration;
			buildSettings = {
				ALWAYS_SEARCH_USER_PATHS = NO;
				CLANG_ANALYZER_NONNULL = YES;
				CLANG_CXX_LANGUAGE_STANDARD = "gnu++0x";
				CLANG_CXX_LIBRARY = "libc++";
				CLANG_ENABLE_MODULES = YES;
				CLANG_ENABLE_OBJC_ARC = YES;
				CLANG_WARN_BOOL_CONVERSION = YES;
				CLANG_WARN_CONSTANT_CONVERSION = YES;
				CLANG_WARN_DIRECT_OBJC_ISA_USAGE = YES_ERROR;
				CLANG_WARN_DOCUMENTATION_COMMENTS = YES;
				CLANG_WARN_EMPTY_BODY = YES;
				CLANG_WARN_ENUM_CONVERSION = YES;
				CLANG_WARN_INT_CONVERSION = YES;
				CLANG_WARN_OBJC_ROOT_CLASS = YES_ERROR;
				CLANG_WARN_UNREACHABLE_CODE = YES;
				CLANG_WARN__DUPLICATE_METHOD_MATCH = YES;
				CODE_SIGN_IDENTITY = "-";
				COPY_PHASE_STRIP = NO;
				DEBUG_INFORMATION_FORMAT = dwarf;
				ENABLE_STRICT_OBJC_MSGSEND = YES;
				ENABLE_TESTABILITY = YES;
				GCC_C_LANGUAGE_STANDARD = gnu99;
				GCC_DYNAMIC_NO_PIC = NO;
				GCC_NO_COMMON_BLOCKS = YES;
				GCC_OPTIMIZATION_LEVEL = 0;
				GCC_PREPROCESSOR_DEFINITIONS = (
					"DEBUG=1",
					"$(inherited)",
				);
				GCC_WARN_64_TO_32_BIT_CONVERSION = YES;
				GCC_WARN_ABOUT_RETURN_TYPE = YES_ERROR;
				GCC_WARN_UNDECLARED_SELECTOR = YES;
				GCC_WARN_UNINITIALIZED_AUTOS = YES_AGGRESSIVE;
				GCC_WARN_UNUSED_FUNCTION = YES;
				GCC_WARN_UNUSED_VARIABLE = YES;
				MACOSX_DEPLOYMENT_TARGET = 10.11;
				MTL_ENABLE_DEBUG_INFO = YES;
				ONLY_ACTIVE_ARCH = YES;
				SDKROOT = macosx;
				SWIFT_OPTIMIZATION_LEVEL = "-Onone";
			};
			name = Debug;
		};
		E7B7023A1D148166003C9A76 /* Release */ = {
			isa = XCBuildConfiguration;
			buildSettings = {
				ALWAYS_SEARCH_USER_PATHS = NO;
				CLANG_ANALYZER_NONNULL = YES;
				CLANG_CXX_LANGUAGE_STANDARD = "gnu++0x";
				CLANG_CXX_LIBRARY = "libc++";
				CLANG_ENABLE_MODULES = YES;
				CLANG_ENABLE_OBJC_ARC = YES;
				CLANG_WARN_BOOL_CONVERSION = YES;
				CLANG_WARN_CONSTANT_CONVERSION = YES;
				CLANG_WARN_DIRECT_OBJC_ISA_USAGE = YES_ERROR;
				CLANG_WARN_DOCUMENTATION_COMMENTS = YES;
				CLANG_WARN_EMPTY_BODY = YES;
				CLANG_WARN_ENUM_CONVERSION = YES;
				CLANG_WARN_INT_CONVERSION = YES;
				CLANG_WARN_OBJC_ROOT_CLASS = YES_ERROR;
				CLANG_WARN_UNREACHABLE_CODE = YES;
				CLANG_WARN__DUPLICATE_METHOD_MATCH = YES;
				CODE_SIGN_IDENTITY = "-";
				COPY_PHASE_STRIP = NO;
				DEBUG_INFORMATION_FORMAT = "dwarf-with-dsym";
				ENABLE_NS_ASSERTIONS = NO;
				ENABLE_STRICT_OBJC_MSGSEND = YES;
				GCC_C_LANGUAGE_STANDARD = gnu99;
				GCC_NO_COMMON_BLOCKS = YES;
				GCC_WARN_64_TO_32_BIT_CONVERSION = YES;
				GCC_WARN_ABOUT_RETURN_TYPE = YES_ERROR;
				GCC_WARN_UNDECLARED_SELECTOR = YES;
				GCC_WARN_UNINITIALIZED_AUTOS = YES_AGGRESSIVE;
				GCC_WARN_UNUSED_FUNCTION = YES;
				GCC_WARN_UNUSED_VARIABLE = YES;
				MACOSX_DEPLOYMENT_TARGET = 10.11;
				MTL_ENABLE_DEBUG_INFO = NO;
				SDKROOT = macosx;
			};
			name = Release;
		};
		E7B7023C1D148166003C9A76 /* Debug */ = {
			isa = XCBuildConfiguration;
			buildSettings = {
				PRODUCT_NAME = "$(TARGET_NAME)";
			};
			name = Debug;
		};
		E7B7023D1D148166003C9A76 /* Release */ = {
			isa = XCBuildConfiguration;
			buildSettings = {
				PRODUCT_NAME = "$(TARGET_NAME)";
			};
			name = Release;
		};
		E7D08A8D1D14A3010020B101 /* Debug */ = {
			isa = XCBuildConfiguration;
			buildSettings = {
				COMBINE_HIDPI_IMAGES = YES;
				INFOPLIST_FILE = "cryptopals-swift3-test/Info.plist";
				LD_RUNPATH_SEARCH_PATHS = "$(inherited) @executable_path/../Frameworks @loader_path/../Frameworks";
				PRODUCT_BUNDLE_IDENTIFIER = "net.devalias.cryptopals-swift3-test";
				PRODUCT_NAME = "$(TARGET_NAME)";
				SWIFT_ACTIVE_COMPILATION_CONDITIONS = DEBUG;
				SWIFT_VERSION = 3.0;
			};
			name = Debug;
		};
		E7D08A8E1D14A3010020B101 /* Release */ = {
			isa = XCBuildConfiguration;
			buildSettings = {
				COMBINE_HIDPI_IMAGES = YES;
				INFOPLIST_FILE = "cryptopals-swift3-test/Info.plist";
				LD_RUNPATH_SEARCH_PATHS = "$(inherited) @executable_path/../Frameworks @loader_path/../Frameworks";
				PRODUCT_BUNDLE_IDENTIFIER = "net.devalias.cryptopals-swift3-test";
				PRODUCT_NAME = "$(TARGET_NAME)";
				SWIFT_OPTIMIZATION_LEVEL = "-Owholemodule";
				SWIFT_VERSION = 3.0;
			};
			name = Release;
		};
/* End XCBuildConfiguration section */

/* Begin XCConfigurationList section */
		E7B7022F1D148166003C9A76 /* Build configuration list for PBXProject "cryptopals-swift3" */ = {
			isa = XCConfigurationList;
			buildConfigurations = (
				E7B702391D148166003C9A76 /* Debug */,
				E7B7023A1D148166003C9A76 /* Release */,
			);
			defaultConfigurationIsVisible = 0;
			defaultConfigurationName = Release;
		};
		E7B7023B1D148166003C9A76 /* Build configuration list for PBXNativeTarget "cryptopals-swift3" */ = {
			isa = XCConfigurationList;
			buildConfigurations = (
				E7B7023C1D148166003C9A76 /* Debug */,
				E7B7023D1D148166003C9A76 /* Release */,
			);
			defaultConfigurationIsVisible = 0;
			defaultConfigurationName = Release;
		};
		E7D08A8C1D14A3010020B101 /* Build configuration list for PBXNativeTarget "cryptopals-swift3-test" */ = {
			isa = XCConfigurationList;
			buildConfigurations = (
				E7D08A8D1D14A3010020B101 /* Debug */,
				E7D08A8E1D14A3010020B101 /* Release */,
			);
			defaultConfigurationIsVisible = 0;
			defaultConfigurationName = Release;
		};
/* End XCConfigurationList section */
	};
	rootObject = E7B7022C1D148166003C9A76 /* Project object */;
}
